
Microsoft Visual Studio Solution File, Format Version 12.00
# Visual Studio Version 17
VisualStudioVersion = 17.7.34018.315
MinimumVisualStudioVersion = 10.0.40219.1
Project("{FAE04EC0-301F-11D3-BF4B-00C04F79EFBC}") = "PRG2_ClassListDiagramsStamps", "PRG2_ClassListDiagramsStamps\PRG2_ClassListDiagramsStamps.csproj", "{D0ABC990-2435-4840-B8C7-6451F0E58A16}"
EndProject
Global
	GlobalSection(SolutionConfigurationPlatforms) = preSolution
		Debug|Any CPU = Debug|Any CPU
		Release|Any CPU = Release|Any CPU
	EndGlobalSection
	GlobalSection(ProjectConfigurationPlatforms) = postSolution
		{D0ABC990-2435-4840-B8C7-6451F0E58A16}.Debug|Any CPU.ActiveCfg = Debug|Any CPU
		{D0ABC990-2435-4840-B8C7-6451F0E58A16}.Debug|Any CPU.Build.0 = Debug|Any CPU
		{D0ABC990-2435-4840-B8C7-6451F0E58A16}.Release|Any CPU.ActiveCfg = Release|Any CPU
		{D0ABC990-2435-4840-B8C7-6451F0E58A16}.Release|Any CPU.Build.0 = Release|Any CPU
	EndGlobalSection
	GlobalSection(SolutionProperties) = preSolution
		HideSolutionNode = FALSE
	EndGlobalSection
	GlobalSection(ExtensibilityGlobals) = postSolution
		SolutionGuid = {56C5DB20-297F-4482-B31C-D9B30B867FEB}
	EndGlobalSection
EndGlobal
